{
    "_readme": [
        "This file locks the dependencies of your project to a known state",
        "Read more about it at https://getcomposer.org/doc/01-basic-usage.md#installing-dependencies",
        "This file is @generated automatically"
    ],
    "content-hash": "4c3576b2861c60005260a8fd855cad97",
    "packages": [
        {
            "name": "marshmallow/categorise-resources",
            "version": "dev-master",
            "source": {
                "type": "git",
                "url": "https://github.com/tectiv3/categorise-resources",
                "reference": "40af49013ddfac4dcedce7c1d3e09c46a419e789"
            },
            "require": {
                "php": "^7.1|^8.0"
            },
            "default-branch": true,
            "type": "library",
            "extra": {
                "laravel": {
                    "providers": [
                        "Marshmallow\\CategoriseResources\\ToolServiceProvider"
                    ]
                }
            },
            "autoload": {
                "psr-4": {
                    "Marshmallow\\CategoriseResources\\": "src/"
                }
            },
            "license": [
                "MIT"
            ],
            "authors": [
                {
                    "name": "Stef van Esch",
                    "email": "stef@marshmallow.dev",
                    "role": "Developer"
                },
                {
                    "name": "Alex Bowers",
                    "email": "bowersbros@gmail.com",
                    "role": "Developer"
                }
            ],
            "description": "Group and categorise your nova resources",
            "homepage": "https://github.com/tectiv3/categorise-resources",
            "keywords": [
                "laravel",
                "nova"
            ],
            "time": "2025-02-24T16:10:42+00:00"
        }
    ],
    "packages-dev": [],
    "aliases": [
        {
            "package": "marshmallow/categorise-resources",
            "version": "9999999-dev",
            "alias": "1.0.1",
            "alias_normalized": "1.0.1.0"
        }
    ],
    "minimum-stability": "dev",
    "stability-flags": {
        "marshmallow/categorise-resources": 20
    },
    "prefer-stable": true,
    "prefer-lowest": false,
    "platform": {
        "php": "^8.0"
    },
    "platform-dev": {},
    "plugin-api-version": "2.6.0"
}
